
Microsoft Visual Studio Solution File, Format Version 12.00
# Visual Studio 14
VisualStudioVersion = 14.0.25420.1
MinimumVisualStudioVersion = 10.0.40219.1
Project("{FAE04EC0-301F-11D3-BF4B-00C04F79EFBC}") = "WikiTasks", "WikiTasks.csproj", "{019A4A95-207F-4C5E-B40B-D5B13B3C268F}"
EndProject
Global
	GlobalSection(SolutionConfigurationPlatforms) = preSolution
		Debug|Any CPU = Debug|Any CPU
		Release|Any CPU = Release|Any CPU
	EndGlobalSection
	GlobalSection(ProjectConfigurationPlatforms) = postSolution
		{019A4A95-207F-4C5E-B40B-D5B13B3C268F}.Debug|Any CPU.ActiveCfg = Debug|Any CPU
		{019A4A95-207F-4C5E-B40B-D5B13B3C268F}.Debug|Any CPU.Build.0 = Debug|Any CPU
		{019A4A95-207F-4C5E-B40B-D5B13B3C268F}.Release|Any CPU.ActiveCfg = Release|Any CPU
		{019A4A95-207F-4C5E-B40B-D5B13B3C268F}.Release|Any CPU.Build.0 = Release|Any CPU
	EndGlobalSection
	GlobalSection(SolutionProperties) = preSolution
		HideSolutionNode = FALSE
	EndGlobalSection
EndGlobal
